PODS:
  - ann_dynamic_icon (0.0.1):
    - Flutter
  - Flutter (1.0.0)

DEPENDENCIES:
  - ann_dynamic_icon (from `.symlinks/plugins/ann_dynamic_icon/ios`)
  - Flutter (from `Flutter`)

EXTERNAL SOURCES:
  ann_dynamic_icon:
    :path: ".symlinks/plugins/ann_dynamic_icon/ios"
  Flutter:
    :path: Flutter

SPEC CHECKSUMS:
  ann_dynamic_icon: b76c0fd884fe0e14b9ce921efa78a35d6ab93ba7
  Flutter: 50d75fe2f02b26cc09d224853bb45737f8b3214a

PODFILE CHECKSUM: aafe91acc616949ddb318b77800a7f51bffa2a4c

COCOAPODS: 1.11.3
