PODS:
  - ann_dynamic_icon (0.0.3):
    - FlutterMacOS
  - FlutterMacOS (1.0.0)

DEPENDENCIES:
  - ann_dynamic_icon (from `Flutter/ephemeral/.symlinks/plugins/ann_dynamic_icon/macos`)
  - FlutterMacOS (from `Flutter/ephemeral`)

EXTERNAL SOURCES:
  ann_dynamic_icon:
    :path: Flutter/ephemeral/.symlinks/plugins/ann_dynamic_icon/macos
  FlutterMacOS:
    :path: Flutter/ephemeral

SPEC CHECKSUMS:
  ann_dynamic_icon: fe063775295354f3068d446367e8c6b507cf4dbb
  FlutterMacOS: 57701585bf7de1b3fc2bb61f6378d73bbdea8424

PODFILE CHECKSUM: 6eac6b3292e5142cfc23bdeb71848a40ec51c14c

COCOAPODS: 1.11.3
